
Microsoft Visual Studio Solution File, Format Version 12.00
# Visual Studio Version 17
VisualStudioVersion = 17.5.002.0
MinimumVisualStudioVersion = 10.0.40219.1
Project("{2150E333-8FDC-42A3-9474-1A3956D46DE8}") = "Backend", "Backend", "{98570F21-4C65-4185-94F2-0725236A6BFE}"
EndProject
Project("{9A19103F-16F7-4668-BE54-9A1E7A4F7556}") = "ChatAPI", "Backend\ChatAPI\ChatAPI.csproj", "{E96628F2-8526-4CCD-B903-923052DD83D7}"
EndProject
Global
	GlobalSection(SolutionConfigurationPlatforms) = preSolution
		Debug|Any CPU = Debug|Any CPU
		Release|Any CPU = Release|Any CPU
	EndGlobalSection
	GlobalSection(ProjectConfigurationPlatforms) = postSolution
		{E96628F2-8526-4CCD-B903-923052DD83D7}.Debug|Any CPU.ActiveCfg = Debug|Any CPU
		{E96628F2-8526-4CCD-B903-923052DD83D7}.Debug|Any CPU.Build.0 = Debug|Any CPU
		{E96628F2-8526-4CCD-B903-923052DD83D7}.Release|Any CPU.ActiveCfg = Release|Any CPU
		{E96628F2-8526-4CCD-B903-923052DD83D7}.Release|Any CPU.Build.0 = Release|Any CPU
	EndGlobalSection
	GlobalSection(SolutionProperties) = preSolution
		HideSolutionNode = FALSE
	EndGlobalSection
	GlobalSection(NestedProjects) = preSolution
		{E96628F2-8526-4CCD-B903-923052DD83D7} = {98570F21-4C65-4185-94F2-0725236A6BFE}
	EndGlobalSection
	GlobalSection(ExtensibilityGlobals) = postSolution
		SolutionGuid = {BEE43202-D7A8-49A9-82C2-A6E6AA2B9292}
	EndGlobalSection
EndGlobal
